
Microsoft Visual Studio Solution File, Format Version 12.00
# Visual Studio Version 16
VisualStudioVersion = 16.0.29728.190
MinimumVisualStudioVersion = 10.0.40219.1
Project("{FAE04EC0-301F-11D3-BF4B-00C04F79EFBC}") = "CSharp.Net-Assignment-5", "CSharp.Net-Assignment-5.csproj", "{C98FBC55-B3D9-4507-AE30-B8043918AAC9}"
EndProject
Global
	GlobalSection(SolutionConfigurationPlatforms) = preSolution
		Debug|Any CPU = Debug|Any CPU
		Release|Any CPU = Release|Any CPU
	EndGlobalSection
	GlobalSection(ProjectConfigurationPlatforms) = postSolution
		{C98FBC55-B3D9-4507-AE30-B8043918AAC9}.Debug|Any CPU.ActiveCfg = Debug|Any CPU
		{C98FBC55-B3D9-4507-AE30-B8043918AAC9}.Debug|Any CPU.Build.0 = Debug|Any CPU
		{C98FBC55-B3D9-4507-AE30-B8043918AAC9}.Release|Any CPU.ActiveCfg = Release|Any CPU
		{C98FBC55-B3D9-4507-AE30-B8043918AAC9}.Release|Any CPU.Build.0 = Release|Any CPU
	EndGlobalSection
	GlobalSection(SolutionProperties) = preSolution
		HideSolutionNode = FALSE
	EndGlobalSection
	GlobalSection(ExtensibilityGlobals) = postSolution
		SolutionGuid = {0B505097-5289-4181-BBBE-16C57A2CD49C}
	EndGlobalSection
EndGlobal
